
Microsoft Visual Studio Solution File, Format Version 12.00
# Visual Studio Version 17
VisualStudioVersion = 17.2.32616.157
MinimumVisualStudioVersion = 10.0.40219.1
Project("{8BC9CEB8-8B4A-11D0-8D11-00A0C91BC942}") = "p.80_5", "p.80_5\p.80_5.vcxproj", "{DEB55875-AE9D-450F-96A4-8BC56CB86F0B}"
EndProject
Global
	GlobalSection(SolutionConfigurationPlatforms) = preSolution
		Debug|x64 = Debug|x64
		Debug|x86 = Debug|x86
		Release|x64 = Release|x64
		Release|x86 = Release|x86
	EndGlobalSection
	GlobalSection(ProjectConfigurationPlatforms) = postSolution
		{DEB55875-AE9D-450F-96A4-8BC56CB86F0B}.Debug|x64.ActiveCfg = Debug|x64
		{DEB55875-AE9D-450F-96A4-8BC56CB86F0B}.Debug|x64.Build.0 = Debug|x64
		{DEB55875-AE9D-450F-96A4-8BC56CB86F0B}.Debug|x86.ActiveCfg = Debug|Win32
		{DEB55875-AE9D-450F-96A4-8BC56CB86F0B}.Debug|x86.Build.0 = Debug|Win32
		{DEB55875-AE9D-450F-96A4-8BC56CB86F0B}.Release|x64.ActiveCfg = Release|x64
		{DEB55875-AE9D-450F-96A4-8BC56CB86F0B}.Release|x64.Build.0 = Release|x64
		{DEB55875-AE9D-450F-96A4-8BC56CB86F0B}.Release|x86.ActiveCfg = Release|Win32
		{DEB55875-AE9D-450F-96A4-8BC56CB86F0B}.Release|x86.Build.0 = Release|Win32
	EndGlobalSection
	GlobalSection(SolutionProperties) = preSolution
		HideSolutionNode = FALSE
	EndGlobalSection
	GlobalSection(ExtensibilityGlobals) = postSolution
		SolutionGuid = {7900C5F2-5B50-42C3-978F-C1BCB5C7B3D5}
	EndGlobalSection
EndGlobal
