
Microsoft Visual Studio Solution File, Format Version 12.00
# Visual Studio Version 17
VisualStudioVersion = 17.2.32616.157
MinimumVisualStudioVersion = 10.0.40219.1
Project("{8BC9CEB8-8B4A-11D0-8D11-00A0C91BC942}") = "p.38_2", "p.38_2\p.38_2.vcxproj", "{172A23C3-D338-47A2-B723-F548D0BDADCF}"
EndProject
Global
	GlobalSection(SolutionConfigurationPlatforms) = preSolution
		Debug|x64 = Debug|x64
		Debug|x86 = Debug|x86
		Release|x64 = Release|x64
		Release|x86 = Release|x86
	EndGlobalSection
	GlobalSection(ProjectConfigurationPlatforms) = postSolution
		{172A23C3-D338-47A2-B723-F548D0BDADCF}.Debug|x64.ActiveCfg = Debug|x64
		{172A23C3-D338-47A2-B723-F548D0BDADCF}.Debug|x64.Build.0 = Debug|x64
		{172A23C3-D338-47A2-B723-F548D0BDADCF}.Debug|x86.ActiveCfg = Debug|Win32
		{172A23C3-D338-47A2-B723-F548D0BDADCF}.Debug|x86.Build.0 = Debug|Win32
		{172A23C3-D338-47A2-B723-F548D0BDADCF}.Release|x64.ActiveCfg = Release|x64
		{172A23C3-D338-47A2-B723-F548D0BDADCF}.Release|x64.Build.0 = Release|x64
		{172A23C3-D338-47A2-B723-F548D0BDADCF}.Release|x86.ActiveCfg = Release|Win32
		{172A23C3-D338-47A2-B723-F548D0BDADCF}.Release|x86.Build.0 = Release|Win32
	EndGlobalSection
	GlobalSection(SolutionProperties) = preSolution
		HideSolutionNode = FALSE
	EndGlobalSection
	GlobalSection(ExtensibilityGlobals) = postSolution
		SolutionGuid = {8559F806-C1C4-4B7B-8797-1C235EC9501B}
	EndGlobalSection
EndGlobal
