
Microsoft Visual Studio Solution File, Format Version 12.00
# Visual Studio Version 17
VisualStudioVersion = 17.2.32630.192
MinimumVisualStudioVersion = 10.0.40219.1
Project("{8BC9CEB8-8B4A-11D0-8D11-00A0C91BC942}") = "p.83_3", "p.83_3\p.83_3.vcxproj", "{D7CDA4CF-C3D1-49D7-93CF-F5D8B646769C}"
EndProject
Global
	GlobalSection(SolutionConfigurationPlatforms) = preSolution
		Debug|x64 = Debug|x64
		Debug|x86 = Debug|x86
		Release|x64 = Release|x64
		Release|x86 = Release|x86
	EndGlobalSection
	GlobalSection(ProjectConfigurationPlatforms) = postSolution
		{D7CDA4CF-C3D1-49D7-93CF-F5D8B646769C}.Debug|x64.ActiveCfg = Debug|x64
		{D7CDA4CF-C3D1-49D7-93CF-F5D8B646769C}.Debug|x64.Build.0 = Debug|x64
		{D7CDA4CF-C3D1-49D7-93CF-F5D8B646769C}.Debug|x86.ActiveCfg = Debug|Win32
		{D7CDA4CF-C3D1-49D7-93CF-F5D8B646769C}.Debug|x86.Build.0 = Debug|Win32
		{D7CDA4CF-C3D1-49D7-93CF-F5D8B646769C}.Release|x64.ActiveCfg = Release|x64
		{D7CDA4CF-C3D1-49D7-93CF-F5D8B646769C}.Release|x64.Build.0 = Release|x64
		{D7CDA4CF-C3D1-49D7-93CF-F5D8B646769C}.Release|x86.ActiveCfg = Release|Win32
		{D7CDA4CF-C3D1-49D7-93CF-F5D8B646769C}.Release|x86.Build.0 = Release|Win32
	EndGlobalSection
	GlobalSection(SolutionProperties) = preSolution
		HideSolutionNode = FALSE
	EndGlobalSection
	GlobalSection(ExtensibilityGlobals) = postSolution
		SolutionGuid = {A1E4818A-B3CD-4487-B6A4-23E744522F11}
	EndGlobalSection
EndGlobal
